
Microsoft Visual Studio Solution File, Format Version 12.00
# Visual Studio 15
VisualStudioVersion = 15.0.28010.2026
MinimumVisualStudioVersion = 10.0.40219.1
Project("{FAE04EC0-301F-11D3-BF4B-00C04F79EFBC}") = "MaybeSharp", "MaybeSharp\MaybeSharp.csproj", "{75C2C34A-3A61-4313-95CA-6E86F1B103B2}"
EndProject
Project("{FAE04EC0-301F-11D3-BF4B-00C04F79EFBC}") = "MaybeSharp.UnitTests", "MaybeSharp.UnitTests\MaybeSharp.UnitTests.csproj", "{791B556A-9840-4B24-BCE7-F1213FE1CAC8}"
EndProject
Global
	GlobalSection(SolutionConfigurationPlatforms) = preSolution
		Debug|Any CPU = Debug|Any CPU
		Release|Any CPU = Release|Any CPU
	EndGlobalSection
	GlobalSection(ProjectConfigurationPlatforms) = postSolution
		{75C2C34A-3A61-4313-95CA-6E86F1B103B2}.Debug|Any CPU.ActiveCfg = Debug|Any CPU
		{75C2C34A-3A61-4313-95CA-6E86F1B103B2}.Debug|Any CPU.Build.0 = Debug|Any CPU
		{75C2C34A-3A61-4313-95CA-6E86F1B103B2}.Release|Any CPU.ActiveCfg = Release|Any CPU
		{75C2C34A-3A61-4313-95CA-6E86F1B103B2}.Release|Any CPU.Build.0 = Release|Any CPU
		{791B556A-9840-4B24-BCE7-F1213FE1CAC8}.Debug|Any CPU.ActiveCfg = Debug|Any CPU
		{791B556A-9840-4B24-BCE7-F1213FE1CAC8}.Debug|Any CPU.Build.0 = Debug|Any CPU
		{791B556A-9840-4B24-BCE7-F1213FE1CAC8}.Release|Any CPU.ActiveCfg = Release|Any CPU
		{791B556A-9840-4B24-BCE7-F1213FE1CAC8}.Release|Any CPU.Build.0 = Release|Any CPU
	EndGlobalSection
	GlobalSection(SolutionProperties) = preSolution
		HideSolutionNode = FALSE
	EndGlobalSection
	GlobalSection(ExtensibilityGlobals) = postSolution
		SolutionGuid = {CEEF2A2E-0521-4483-B366-30680B49B964}
	EndGlobalSection
EndGlobal
